
Microsoft Visual Studio Solution File, Format Version 12.00
# Visual Studio Version 17
VisualStudioVersion = 17.12.35707.178
MinimumVisualStudioVersion = 10.0.40219.1
Project("{FAE04EC0-301F-11D3-BF4B-00C04F79EFBC}") = "ContractsManager.UI", "ContractsManager.UI\ContractsManager.UI.csproj", "{75476B2F-2E1A-442F-9A40-ECE14A522D46}"
EndProject
Project("{2150E333-8FDC-42A3-9474-1A3956D46DE8}") = "src", "src", "{0AC3D744-1F16-4A79-8AC1-DFD090CBD0B6}"
EndProject
Project("{2150E333-8FDC-42A3-9474-1A3956D46DE8}") = "tests", "tests", "{81AE6081-D31E-4CF4-9ED5-60C3E4AF0C26}"
EndProject
Project("{FAE04EC0-301F-11D3-BF4B-00C04F79EFBC}") = "ContactsManager.Core", "ContactsManager.Core\ContactsManager.Core.csproj", "{E4278314-4A98-48D7-8343-91A979E61CF4}"
EndProject
Project("{FAE04EC0-301F-11D3-BF4B-00C04F79EFBC}") = "ContactsManager.Infrastructure", "ContactsManager.Infrastructure\ContactsManager.Infrastructure.csproj", "{6C43D384-9D57-42EB-9AD1-53B27C457AC0}"
EndProject
Project("{FAE04EC0-301F-11D3-BF4B-00C04F79EFBC}") = "ContactsManager.ServiceTests", "ContactsManager.ServiceTests\ContactsManager.ServiceTests.csproj", "{3488D071-7DF0-40D4-9E75-F97EB8A128E8}"
EndProject
Project("{FAE04EC0-301F-11D3-BF4B-00C04F79EFBC}") = "ContactsManager.ControllerTests", "ContactsManager.ControllerTests\ContactsManager.ControllerTests.csproj", "{8C8D81F6-6358-4630-991F-2F1FC5600DE8}"
EndProject
Project("{FAE04EC0-301F-11D3-BF4B-00C04F79EFBC}") = "ContactsManager.IntergrationTests", "ContactsManager.IntergrationTests\ContactsManager.IntergrationTests.csproj", "{8CE819D7-A3B5-470A-827D-F0F18118AD45}"
EndProject
Global
	GlobalSection(SolutionConfigurationPlatforms) = preSolution
		Debug|Any CPU = Debug|Any CPU
		Release|Any CPU = Release|Any CPU
	EndGlobalSection
	GlobalSection(ProjectConfigurationPlatforms) = postSolution
		{75476B2F-2E1A-442F-9A40-ECE14A522D46}.Debug|Any CPU.ActiveCfg = Debug|Any CPU
		{75476B2F-2E1A-442F-9A40-ECE14A522D46}.Debug|Any CPU.Build.0 = Debug|Any CPU
		{75476B2F-2E1A-442F-9A40-ECE14A522D46}.Release|Any CPU.ActiveCfg = Release|Any CPU
		{75476B2F-2E1A-442F-9A40-ECE14A522D46}.Release|Any CPU.Build.0 = Release|Any CPU
		{E4278314-4A98-48D7-8343-91A979E61CF4}.Debug|Any CPU.ActiveCfg = Debug|Any CPU
		{E4278314-4A98-48D7-8343-91A979E61CF4}.Debug|Any CPU.Build.0 = Debug|Any CPU
		{E4278314-4A98-48D7-8343-91A979E61CF4}.Release|Any CPU.ActiveCfg = Release|Any CPU
		{E4278314-4A98-48D7-8343-91A979E61CF4}.Release|Any CPU.Build.0 = Release|Any CPU
		{6C43D384-9D57-42EB-9AD1-53B27C457AC0}.Debug|Any CPU.ActiveCfg = Debug|Any CPU
		{6C43D384-9D57-42EB-9AD1-53B27C457AC0}.Debug|Any CPU.Build.0 = Debug|Any CPU
		{6C43D384-9D57-42EB-9AD1-53B27C457AC0}.Release|Any CPU.ActiveCfg = Release|Any CPU
		{6C43D384-9D57-42EB-9AD1-53B27C457AC0}.Release|Any CPU.Build.0 = Release|Any CPU
		{3488D071-7DF0-40D4-9E75-F97EB8A128E8}.Debug|Any CPU.ActiveCfg = Debug|Any CPU
		{3488D071-7DF0-40D4-9E75-F97EB8A128E8}.Debug|Any CPU.Build.0 = Debug|Any CPU
		{3488D071-7DF0-40D4-9E75-F97EB8A128E8}.Release|Any CPU.ActiveCfg = Release|Any CPU
		{3488D071-7DF0-40D4-9E75-F97EB8A128E8}.Release|Any CPU.Build.0 = Release|Any CPU
		{8C8D81F6-6358-4630-991F-2F1FC5600DE8}.Debug|Any CPU.ActiveCfg = Debug|Any CPU
		{8C8D81F6-6358-4630-991F-2F1FC5600DE8}.Debug|Any CPU.Build.0 = Debug|Any CPU
		{8C8D81F6-6358-4630-991F-2F1FC5600DE8}.Release|Any CPU.ActiveCfg = Release|Any CPU
		{8C8D81F6-6358-4630-991F-2F1FC5600DE8}.Release|Any CPU.Build.0 = Release|Any CPU
		{8CE819D7-A3B5-470A-827D-F0F18118AD45}.Debug|Any CPU.ActiveCfg = Debug|Any CPU
		{8CE819D7-A3B5-470A-827D-F0F18118AD45}.Debug|Any CPU.Build.0 = Debug|Any CPU
		{8CE819D7-A3B5-470A-827D-F0F18118AD45}.Release|Any CPU.ActiveCfg = Release|Any CPU
		{8CE819D7-A3B5-470A-827D-F0F18118AD45}.Release|Any CPU.Build.0 = Release|Any CPU
	EndGlobalSection
	GlobalSection(SolutionProperties) = preSolution
		HideSolutionNode = FALSE
	EndGlobalSection
	GlobalSection(NestedProjects) = preSolution
		{75476B2F-2E1A-442F-9A40-ECE14A522D46} = {0AC3D744-1F16-4A79-8AC1-DFD090CBD0B6}
		{E4278314-4A98-48D7-8343-91A979E61CF4} = {0AC3D744-1F16-4A79-8AC1-DFD090CBD0B6}
		{6C43D384-9D57-42EB-9AD1-53B27C457AC0} = {0AC3D744-1F16-4A79-8AC1-DFD090CBD0B6}
		{3488D071-7DF0-40D4-9E75-F97EB8A128E8} = {81AE6081-D31E-4CF4-9ED5-60C3E4AF0C26}
		{8C8D81F6-6358-4630-991F-2F1FC5600DE8} = {81AE6081-D31E-4CF4-9ED5-60C3E4AF0C26}
		{8CE819D7-A3B5-470A-827D-F0F18118AD45} = {81AE6081-D31E-4CF4-9ED5-60C3E4AF0C26}
	EndGlobalSection
EndGlobal
