
Microsoft Visual Studio Solution File, Format Version 12.00
# Visual Studio Version 17
VisualStudioVersion = 17.12.35707.178
MinimumVisualStudioVersion = 10.0.40219.1
Project("{FAE04EC0-301F-11D3-BF4B-00C04F79EFBC}") = "PersonsListExample", "CRUDExample\PersonsListExample.csproj", "{651CD7B0-045B-4824-B758-138A93916BD5}"
EndProject
Project("{FAE04EC0-301F-11D3-BF4B-00C04F79EFBC}") = "PersonsListTests", "CRUDTests\PersonsListTests.csproj", "{20FBDB3A-6A1C-466A-9B4D-C1F22DD5BDC4}"
EndProject
Project("{FAE04EC0-301F-11D3-BF4B-00C04F79EFBC}") = "Entities", "Entities\Entities.csproj", "{E4E7CF54-D9F7-4204-9C62-BE42C7C04051}"
EndProject
Project("{FAE04EC0-301F-11D3-BF4B-00C04F79EFBC}") = "ServiceContracts", "ServiceContracts\ServiceContracts.csproj", "{10C670F5-6BDD-4E34-B6F6-7D93D52A2DFE}"
EndProject
Project("{FAE04EC0-301F-11D3-BF4B-00C04F79EFBC}") = "Services", "Services\Services.csproj", "{A2B5D071-CE58-44A4-8BC5-ACD4B4C7C38C}"
EndProject
Project("{FAE04EC0-301F-11D3-BF4B-00C04F79EFBC}") = "RepositoryContracts", "RepositoryContracts\RepositoryContracts.csproj", "{249CC018-281B-496D-98CC-A4C915430D0C}"
EndProject
Project("{FAE04EC0-301F-11D3-BF4B-00C04F79EFBC}") = "Repositories", "Repositories\Repositories.csproj", "{CA7F4532-8E2E-419E-A42B-1FC2D9744D00}"
EndProject
Project("{FAE04EC0-301F-11D3-BF4B-00C04F79EFBC}") = "Exceptions", "Exceptions\Exceptions.csproj", "{6013CA28-9ACF-4BAD-ADF8-3576A43DE16F}"
EndProject
Global
	GlobalSection(SolutionConfigurationPlatforms) = preSolution
		Debug|Any CPU = Debug|Any CPU
		Release|Any CPU = Release|Any CPU
	EndGlobalSection
	GlobalSection(ProjectConfigurationPlatforms) = postSolution
		{651CD7B0-045B-4824-B758-138A93916BD5}.Debug|Any CPU.ActiveCfg = Debug|Any CPU
		{651CD7B0-045B-4824-B758-138A93916BD5}.Debug|Any CPU.Build.0 = Debug|Any CPU
		{651CD7B0-045B-4824-B758-138A93916BD5}.Release|Any CPU.ActiveCfg = Release|Any CPU
		{651CD7B0-045B-4824-B758-138A93916BD5}.Release|Any CPU.Build.0 = Release|Any CPU
		{20FBDB3A-6A1C-466A-9B4D-C1F22DD5BDC4}.Debug|Any CPU.ActiveCfg = Debug|Any CPU
		{20FBDB3A-6A1C-466A-9B4D-C1F22DD5BDC4}.Debug|Any CPU.Build.0 = Debug|Any CPU
		{20FBDB3A-6A1C-466A-9B4D-C1F22DD5BDC4}.Release|Any CPU.ActiveCfg = Release|Any CPU
		{20FBDB3A-6A1C-466A-9B4D-C1F22DD5BDC4}.Release|Any CPU.Build.0 = Release|Any CPU
		{E4E7CF54-D9F7-4204-9C62-BE42C7C04051}.Debug|Any CPU.ActiveCfg = Debug|Any CPU
		{E4E7CF54-D9F7-4204-9C62-BE42C7C04051}.Debug|Any CPU.Build.0 = Debug|Any CPU
		{E4E7CF54-D9F7-4204-9C62-BE42C7C04051}.Release|Any CPU.ActiveCfg = Release|Any CPU
		{E4E7CF54-D9F7-4204-9C62-BE42C7C04051}.Release|Any CPU.Build.0 = Release|Any CPU
		{10C670F5-6BDD-4E34-B6F6-7D93D52A2DFE}.Debug|Any CPU.ActiveCfg = Debug|Any CPU
		{10C670F5-6BDD-4E34-B6F6-7D93D52A2DFE}.Debug|Any CPU.Build.0 = Debug|Any CPU
		{10C670F5-6BDD-4E34-B6F6-7D93D52A2DFE}.Release|Any CPU.ActiveCfg = Release|Any CPU
		{10C670F5-6BDD-4E34-B6F6-7D93D52A2DFE}.Release|Any CPU.Build.0 = Release|Any CPU
		{A2B5D071-CE58-44A4-8BC5-ACD4B4C7C38C}.Debug|Any CPU.ActiveCfg = Debug|Any CPU
		{A2B5D071-CE58-44A4-8BC5-ACD4B4C7C38C}.Debug|Any CPU.Build.0 = Debug|Any CPU
		{A2B5D071-CE58-44A4-8BC5-ACD4B4C7C38C}.Release|Any CPU.ActiveCfg = Release|Any CPU
		{A2B5D071-CE58-44A4-8BC5-ACD4B4C7C38C}.Release|Any CPU.Build.0 = Release|Any CPU
		{249CC018-281B-496D-98CC-A4C915430D0C}.Debug|Any CPU.ActiveCfg = Debug|Any CPU
		{249CC018-281B-496D-98CC-A4C915430D0C}.Debug|Any CPU.Build.0 = Debug|Any CPU
		{249CC018-281B-496D-98CC-A4C915430D0C}.Release|Any CPU.ActiveCfg = Release|Any CPU
		{249CC018-281B-496D-98CC-A4C915430D0C}.Release|Any CPU.Build.0 = Release|Any CPU
		{CA7F4532-8E2E-419E-A42B-1FC2D9744D00}.Debug|Any CPU.ActiveCfg = Debug|Any CPU
		{CA7F4532-8E2E-419E-A42B-1FC2D9744D00}.Debug|Any CPU.Build.0 = Debug|Any CPU
		{CA7F4532-8E2E-419E-A42B-1FC2D9744D00}.Release|Any CPU.ActiveCfg = Release|Any CPU
		{CA7F4532-8E2E-419E-A42B-1FC2D9744D00}.Release|Any CPU.Build.0 = Release|Any CPU
		{6013CA28-9ACF-4BAD-ADF8-3576A43DE16F}.Debug|Any CPU.ActiveCfg = Debug|Any CPU
		{6013CA28-9ACF-4BAD-ADF8-3576A43DE16F}.Debug|Any CPU.Build.0 = Debug|Any CPU
		{6013CA28-9ACF-4BAD-ADF8-3576A43DE16F}.Release|Any CPU.ActiveCfg = Release|Any CPU
		{6013CA28-9ACF-4BAD-ADF8-3576A43DE16F}.Release|Any CPU.Build.0 = Release|Any CPU
	EndGlobalSection
	GlobalSection(SolutionProperties) = preSolution
		HideSolutionNode = FALSE
	EndGlobalSection
EndGlobal
